// !$*UTF8*$!
{
	archiveVersion = 1;
	classes = {
	};
	objectVersion = 50;
	objects = {

/* Begin PBXBuildFile section */
		A54C7E62DC8CC22D3FEF253C /* Pods_SendbirdExam.framework in Frameworks */ = {isa = PBXBuildFile; fileRef = 174F33C16C8383AEDF7A3182 /* Pods_SendbirdExam.framework */; };
		D00D3F0D22F5B35600BDB1FD /* SBBaseBookModel.m in Sources */ = {isa = PBXBuildFile; fileRef = D00D3F0C22F5B35600BDB1FD /* SBBaseBookModel.m */; };
		D00D3F1022F5B4AD00BDB1FD /* SBBookModel.m in Sources */ = {isa = PBXBuildFile; fileRef = D00D3F0F22F5B4AD00BDB1FD /* SBBookModel.m */; };
		D00D3F1322F5B5BA00BDB1FD /* SBDetailBookModel.m in Sources */ = {isa = PBXBuildFile; fileRef = D00D3F1222F5B5BA00BDB1FD /* SBDetailBookModel.m */; };
		D00D3F1A22F5B72D00BDB1FD /* SBAPIManager.m in Sources */ = {isa = PBXBuildFile; fileRef = D00D3F1922F5B72D00BDB1FD /* SBAPIManager.m */; };
		D00D3F1D22F5BB9A00BDB1FD /* SBRequestQuery.m in Sources */ = {isa = PBXBuildFile; fileRef = D00D3F1C22F5BB9A00BDB1FD /* SBRequestQuery.m */; };
		D0226EB022F85BAE00882552 /* SBBaseBookTableViewCell.m in Sources */ = {isa = PBXBuildFile; fileRef = D0226EAF22F85BAE00882552 /* SBBaseBookTableViewCell.m */; };
		D0B2D5EE22F880520036DCBD /* SBNewBookViewModel.m in Sources */ = {isa = PBXBuildFile; fileRef = D0B2D5ED22F880520036DCBD /* SBNewBookViewModel.m */; };
		D0B2D5F222F886FA0036DCBD /* SBResult.m in Sources */ = {isa = PBXBuildFile; fileRef = D0B2D5F122F886FA0036DCBD /* SBResult.m */; };
		D0FDF71C22EDF1A5004CE813 /* AppDelegate.m in Sources */ = {isa = PBXBuildFile; fileRef = D0FDF71B22EDF1A5004CE813 /* AppDelegate.m */; };
		D0FDF71F22EDF1A5004CE813 /* NewBookViewController.m in Sources */ = {isa = PBXBuildFile; fileRef = D0FDF71E22EDF1A5004CE813 /* NewBookViewController.m */; };
		D0FDF72222EDF1A5004CE813 /* SecondViewController.m in Sources */ = {isa = PBXBuildFile; fileRef = D0FDF72122EDF1A5004CE813 /* SecondViewController.m */; };
		D0FDF72522EDF1A5004CE813 /* Main.storyboard in Resources */ = {isa = PBXBuildFile; fileRef = D0FDF72322EDF1A5004CE813 /* Main.storyboard */; };
		D0FDF72722EDF1A6004CE813 /* Assets.xcassets in Resources */ = {isa = PBXBuildFile; fileRef = D0FDF72622EDF1A6004CE813 /* Assets.xcassets */; };
		D0FDF72A22EDF1A6004CE813 /* LaunchScreen.storyboard in Resources */ = {isa = PBXBuildFile; fileRef = D0FDF72822EDF1A6004CE813 /* LaunchScreen.storyboard */; };
		D0FDF72D22EDF1A6004CE813 /* main.m in Sources */ = {isa = PBXBuildFile; fileRef = D0FDF72C22EDF1A6004CE813 /* main.m */; };
/* End PBXBuildFile section */

/* Begin PBXFileReference section */
		174F33C16C8383AEDF7A3182 /* Pods_SendbirdExam.framework */ = {isa = PBXFileReference; explicitFileType = wrapper.framework; includeInIndex = 0; path = Pods_SendbirdExam.framework; sourceTree = BUILT_PRODUCTS_DIR; };
		7268578B03B67B4F79FFCD42 /* Pods-SendbirdExam.debug.xcconfig */ = {isa = PBXFileReference; includeInIndex = 1; lastKnownFileType = text.xcconfig; name = "Pods-SendbirdExam.debug.xcconfig"; path = "Pods/Target Support Files/Pods-SendbirdExam/Pods-SendbirdExam.debug.xcconfig"; sourceTree = "<group>"; };
		B138020BBF3CF6F9FD8BDE95 /* Pods-SendbirdExam.release.xcconfig */ = {isa = PBXFileReference; includeInIndex = 1; lastKnownFileType = text.xcconfig; name = "Pods-SendbirdExam.release.xcconfig"; path = "Pods/Target Support Files/Pods-SendbirdExam/Pods-SendbirdExam.release.xcconfig"; sourceTree = "<group>"; };
		D00D3F0B22F5B35600BDB1FD /* SBBaseBookModel.h */ = {isa = PBXFileReference; lastKnownFileType = sourcecode.c.h; path = SBBaseBookModel.h; sourceTree = "<group>"; };
		D00D3F0C22F5B35600BDB1FD /* SBBaseBookModel.m */ = {isa = PBXFileReference; lastKnownFileType = sourcecode.c.objc; path = SBBaseBookModel.m; sourceTree = "<group>"; };
		D00D3F0E22F5B4AD00BDB1FD /* SBBookModel.h */ = {isa = PBXFileReference; lastKnownFileType = sourcecode.c.h; path = SBBookModel.h; sourceTree = "<group>"; };
		D00D3F0F22F5B4AD00BDB1FD /* SBBookModel.m */ = {isa = PBXFileReference; lastKnownFileType = sourcecode.c.objc; path = SBBookModel.m; sourceTree = "<group>"; };
		D00D3F1122F5B5BA00BDB1FD /* SBDetailBookModel.h */ = {isa = PBXFileReference; lastKnownFileType = sourcecode.c.h; path = SBDetailBookModel.h; sourceTree = "<group>"; };
		D00D3F1222F5B5BA00BDB1FD /* SBDetailBookModel.m */ = {isa = PBXFileReference; lastKnownFileType = sourcecode.c.objc; path = SBDetailBookModel.m; sourceTree = "<group>"; };
		D00D3F1822F5B72D00BDB1FD /* SBAPIManager.h */ = {isa = PBXFileReference; lastKnownFileType = sourcecode.c.h; path = SBAPIManager.h; sourceTree = "<group>"; };
		D00D3F1922F5B72D00BDB1FD /* SBAPIManager.m */ = {isa = PBXFileReference; lastKnownFileType = sourcecode.c.objc; path = SBAPIManager.m; sourceTree = "<group>"; };
		D00D3F1B22F5BB9A00BDB1FD /* SBRequestQuery.h */ = {isa = PBXFileReference; lastKnownFileType = sourcecode.c.h; path = SBRequestQuery.h; sourceTree = "<group>"; };
		D00D3F1C22F5BB9A00BDB1FD /* SBRequestQuery.m */ = {isa = PBXFileReference; lastKnownFileType = sourcecode.c.objc; path = SBRequestQuery.m; sourceTree = "<group>"; };
		D0226EAE22F85BAE00882552 /* SBBaseBookTableViewCell.h */ = {isa = PBXFileReference; lastKnownFileType = sourcecode.c.h; path = SBBaseBookTableViewCell.h; sourceTree = "<group>"; };
		D0226EAF22F85BAE00882552 /* SBBaseBookTableViewCell.m */ = {isa = PBXFileReference; lastKnownFileType = sourcecode.c.objc; path = SBBaseBookTableViewCell.m; sourceTree = "<group>"; };
		D0B2D5EC22F880520036DCBD /* SBNewBookViewModel.h */ = {isa = PBXFileReference; lastKnownFileType = sourcecode.c.h; path = SBNewBookViewModel.h; sourceTree = "<group>"; };
		D0B2D5ED22F880520036DCBD /* SBNewBookViewModel.m */ = {isa = PBXFileReference; lastKnownFileType = sourcecode.c.objc; path = SBNewBookViewModel.m; sourceTree = "<group>"; };
		D0B2D5F022F886FA0036DCBD /* SBResult.h */ = {isa = PBXFileReference; lastKnownFileType = sourcecode.c.h; path = SBResult.h; sourceTree = "<group>"; };
		D0B2D5F122F886FA0036DCBD /* SBResult.m */ = {isa = PBXFileReference; lastKnownFileType = sourcecode.c.objc; path = SBResult.m; sourceTree = "<group>"; };
		D0FDF71722EDF1A5004CE813 /* SendbirdExam.app */ = {isa = PBXFileReference; explicitFileType = wrapper.application; includeInIndex = 0; path = SendbirdExam.app; sourceTree = BUILT_PRODUCTS_DIR; };
		D0FDF71A22EDF1A5004CE813 /* AppDelegate.h */ = {isa = PBXFileReference; lastKnownFileType = sourcecode.c.h; path = AppDelegate.h; sourceTree = "<group>"; };
		D0FDF71B22EDF1A5004CE813 /* AppDelegate.m */ = {isa = PBXFileReference; lastKnownFileType = sourcecode.c.objc; path = AppDelegate.m; sourceTree = "<group>"; };
		D0FDF71D22EDF1A5004CE813 /* NewBookViewController.h */ = {isa = PBXFileReference; lastKnownFileType = sourcecode.c.h; path = NewBookViewController.h; sourceTree = "<group>"; };
		D0FDF71E22EDF1A5004CE813 /* NewBookViewController.m */ = {isa = PBXFileReference; lastKnownFileType = sourcecode.c.objc; path = NewBookViewController.m; sourceTree = "<group>"; };
		D0FDF72022EDF1A5004CE813 /* SecondViewController.h */ = {isa = PBXFileReference; lastKnownFileType = sourcecode.c.h; path = SecondViewController.h; sourceTree = "<group>"; };
		D0FDF72122EDF1A5004CE813 /* SecondViewController.m */ = {isa = PBXFileReference; lastKnownFileType = sourcecode.c.objc; path = SecondViewController.m; sourceTree = "<group>"; };
		D0FDF72422EDF1A5004CE813 /* Base */ = {isa = PBXFileReference; lastKnownFileType = file.storyboard; name = Base; path = Base.lproj/Main.storyboard; sourceTree = "<group>"; };
		D0FDF72622EDF1A6004CE813 /* Assets.xcassets */ = {isa = PBXFileReference; lastKnownFileType = folder.assetcatalog; path = Assets.xcassets; sourceTree = "<group>"; };
		D0FDF72922EDF1A6004CE813 /* Base */ = {isa = PBXFileReference; lastKnownFileType = file.storyboard; name = Base; path = Base.lproj/LaunchScreen.storyboard; sourceTree = "<group>"; };
		D0FDF72B22EDF1A6004CE813 /* Info.plist */ = {isa = PBXFileReference; lastKnownFileType = text.plist.xml; path = Info.plist; sourceTree = "<group>"; };
		D0FDF72C22EDF1A6004CE813 /* main.m */ = {isa = PBXFileReference; lastKnownFileType = sourcecode.c.objc; path = main.m; sourceTree = "<group>"; };
/* End PBXFileReference section */

/* Begin PBXFrameworksBuildPhase section */
		D0FDF71422EDF1A5004CE813 /* Frameworks */ = {
			isa = PBXFrameworksBuildPhase;
			buildActionMask = 2147483647;
			files = (
				A54C7E62DC8CC22D3FEF253C /* Pods_SendbirdExam.framework in Frameworks */,
			);
			runOnlyForDeploymentPostprocessing = 0;
		};
/* End PBXFrameworksBuildPhase section */

/* Begin PBXGroup section */
		89E9C3D84B8337C6D3F01A28 /* Frameworks */ = {
			isa = PBXGroup;
			children = (
				174F33C16C8383AEDF7A3182 /* Pods_SendbirdExam.framework */,
			);
			name = Frameworks;
			sourceTree = "<group>";
		};
		D00D3F0A22F5B33400BDB1FD /* Model */ = {
			isa = PBXGroup;
			children = (
				D00D3F0B22F5B35600BDB1FD /* SBBaseBookModel.h */,
				D00D3F0C22F5B35600BDB1FD /* SBBaseBookModel.m */,
				D00D3F0E22F5B4AD00BDB1FD /* SBBookModel.h */,
				D00D3F0F22F5B4AD00BDB1FD /* SBBookModel.m */,
				D00D3F1122F5B5BA00BDB1FD /* SBDetailBookModel.h */,
				D00D3F1222F5B5BA00BDB1FD /* SBDetailBookModel.m */,
				D00D3F1B22F5BB9A00BDB1FD /* SBRequestQuery.h */,
				D00D3F1C22F5BB9A00BDB1FD /* SBRequestQuery.m */,
			);
			path = Model;
			sourceTree = "<group>";
		};
		D00D3F1422F5B70800BDB1FD /* ViewModel */ = {
			isa = PBXGroup;
			children = (
				D0B2D5EC22F880520036DCBD /* SBNewBookViewModel.h */,
				D0B2D5ED22F880520036DCBD /* SBNewBookViewModel.m */,
			);
			path = ViewModel;
			sourceTree = "<group>";
		};
		D00D3F1722F5B71C00BDB1FD /* Network */ = {
			isa = PBXGroup;
			children = (
				D00D3F1822F5B72D00BDB1FD /* SBAPIManager.h */,
				D00D3F1922F5B72D00BDB1FD /* SBAPIManager.m */,
				D0B2D5F022F886FA0036DCBD /* SBResult.h */,
				D0B2D5F122F886FA0036DCBD /* SBResult.m */,
			);
			path = Network;
			sourceTree = "<group>";
		};
		D0226EAC22F85B8600882552 /* Views */ = {
			isa = PBXGroup;
			children = (
				D0226EAD22F85B8C00882552 /* BaseBookCell */,
			);
			path = Views;
			sourceTree = "<group>";
		};
		D0226EAD22F85B8C00882552 /* BaseBookCell */ = {
			isa = PBXGroup;
			children = (
				D0226EAE22F85BAE00882552 /* SBBaseBookTableViewCell.h */,
				D0226EAF22F85BAE00882552 /* SBBaseBookTableViewCell.m */,
			);
			path = BaseBookCell;
			sourceTree = "<group>";
		};
		D0FDF70E22EDF1A5004CE813 = {
			isa = PBXGroup;
			children = (
				D0FDF71922EDF1A5004CE813 /* SendbirdExam */,
				D0FDF71822EDF1A5004CE813 /* Products */,
				F6D0500018E183EE64914CB4 /* Pods */,
				89E9C3D84B8337C6D3F01A28 /* Frameworks */,
			);
			sourceTree = "<group>";
		};
		D0FDF71822EDF1A5004CE813 /* Products */ = {
			isa = PBXGroup;
			children = (
				D0FDF71722EDF1A5004CE813 /* SendbirdExam.app */,
			);
			name = Products;
			sourceTree = "<group>";
		};
		D0FDF71922EDF1A5004CE813 /* SendbirdExam */ = {
			isa = PBXGroup;
			children = (
				D0226EAC22F85B8600882552 /* Views */,
				D00D3F1722F5B71C00BDB1FD /* Network */,
				D00D3F1422F5B70800BDB1FD /* ViewModel */,
				D00D3F0A22F5B33400BDB1FD /* Model */,
				D0FDF71A22EDF1A5004CE813 /* AppDelegate.h */,
				D0FDF71B22EDF1A5004CE813 /* AppDelegate.m */,
				D0FDF71D22EDF1A5004CE813 /* NewBookViewController.h */,
				D0FDF71E22EDF1A5004CE813 /* NewBookViewController.m */,
				D0FDF72022EDF1A5004CE813 /* SecondViewController.h */,
				D0FDF72122EDF1A5004CE813 /* SecondViewController.m */,
				D0FDF72322EDF1A5004CE813 /* Main.storyboard */,
				D0FDF72622EDF1A6004CE813 /* Assets.xcassets */,
				D0FDF72822EDF1A6004CE813 /* LaunchScreen.storyboard */,
				D0FDF72B22EDF1A6004CE813 /* Info.plist */,
				D0FDF72C22EDF1A6004CE813 /* main.m */,
			);
			path = SendbirdExam;
			sourceTree = "<group>";
		};
		F6D0500018E183EE64914CB4 /* Pods */ = {
			isa = PBXGroup;
			children = (
				7268578B03B67B4F79FFCD42 /* Pods-SendbirdExam.debug.xcconfig */,
				B138020BBF3CF6F9FD8BDE95 /* Pods-SendbirdExam.release.xcconfig */,
			);
			name = Pods;
			sourceTree = "<group>";
		};
/* End PBXGroup section */

/* Begin PBXNativeTarget section */
		D0FDF71622EDF1A5004CE813 /* SendbirdExam */ = {
			isa = PBXNativeTarget;
			buildConfigurationList = D0FDF73022EDF1A6004CE813 /* Build configuration list for PBXNativeTarget "SendbirdExam" */;
			buildPhases = (
				9D0F65D971A5034DF8BFE8B7 /* [CP] Check Pods Manifest.lock */,
				D0FDF71322EDF1A5004CE813 /* Sources */,
				D0FDF71422EDF1A5004CE813 /* Frameworks */,
				D0FDF71522EDF1A5004CE813 /* Resources */,
				06F240532C2F9BC0847A23B7 /* [CP] Embed Pods Frameworks */,
			);
			buildRules = (
			);
			dependencies = (
			);
			name = SendbirdExam;
			productName = SendbirdExam;
			productReference = D0FDF71722EDF1A5004CE813 /* SendbirdExam.app */;
			productType = "com.apple.product-type.application";
		};
/* End PBXNativeTarget section */

/* Begin PBXProject section */
		D0FDF70F22EDF1A5004CE813 /* Project object */ = {
			isa = PBXProject;
			attributes = {
				LastUpgradeCheck = 1020;
				ORGANIZATIONNAME = Aske;
				TargetAttributes = {
					D0FDF71622EDF1A5004CE813 = {
						CreatedOnToolsVersion = 10.2.1;
					};
				};
			};
			buildConfigurationList = D0FDF71222EDF1A5004CE813 /* Build configuration list for PBXProject "SendbirdExam" */;
			compatibilityVersion = "Xcode 9.3";
			developmentRegion = en;
			hasScannedForEncodings = 0;
			knownRegions = (
				en,
				Base,
			);
			mainGroup = D0FDF70E22EDF1A5004CE813;
			productRefGroup = D0FDF71822EDF1A5004CE813 /* Products */;
			projectDirPath = "";
			projectRoot = "";
			targets = (
				D0FDF71622EDF1A5004CE813 /* SendbirdExam */,
			);
		};
/* End PBXProject section */

/* Begin PBXResourcesBuildPhase section */
		D0FDF71522EDF1A5004CE813 /* Resources */ = {
			isa = PBXResourcesBuildPhase;
			buildActionMask = 2147483647;
			files = (
				D0FDF72A22EDF1A6004CE813 /* LaunchScreen.storyboard in Resources */,
				D0FDF72722EDF1A6004CE813 /* Assets.xcassets in Resources */,
				D0FDF72522EDF1A5004CE813 /* Main.storyboard in Resources */,
			);
			runOnlyForDeploymentPostprocessing = 0;
		};
/* End PBXResourcesBuildPhase section */

/* Begin PBXShellScriptBuildPhase section */
		06F240532C2F9BC0847A23B7 /* [CP] Embed Pods Frameworks */ = {
			isa = PBXShellScriptBuildPhase;
			buildActionMask = 2147483647;
			files = (
			);
			inputFileListPaths = (
			);
			inputPaths = (
				"${SRCROOT}/Pods/Target Support Files/Pods-SendbirdExam/Pods-SendbirdExam-frameworks.sh",
				"${BUILT_PRODUCTS_DIR}/AFNetworking/AFNetworking.framework",
			);
			name = "[CP] Embed Pods Frameworks";
			outputFileListPaths = (
			);
			outputPaths = (
				"${TARGET_BUILD_DIR}/${FRAMEWORKS_FOLDER_PATH}/AFNetworking.framework",
			);
			runOnlyForDeploymentPostprocessing = 0;
			shellPath = /bin/sh;
			shellScript = "\"${SRCROOT}/Pods/Target Support Files/Pods-SendbirdExam/Pods-SendbirdExam-frameworks.sh\"\n";
			showEnvVarsInLog = 0;
		};
		9D0F65D971A5034DF8BFE8B7 /* [CP] Check Pods Manifest.lock */ = {
			isa = PBXShellScriptBuildPhase;
			buildActionMask = 2147483647;
			files = (
			);
			inputFileListPaths = (
			);
			inputPaths = (
				"${PODS_PODFILE_DIR_PATH}/Podfile.lock",
				"${PODS_ROOT}/Manifest.lock",
			);
			name = "[CP] Check Pods Manifest.lock";
			outputFileListPaths = (
			);
			outputPaths = (
				"$(DERIVED_FILE_DIR)/Pods-SendbirdExam-checkManifestLockResult.txt",
			);
			runOnlyForDeploymentPostprocessing = 0;
			shellPath = /bin/sh;
			shellScript = "diff \"${PODS_PODFILE_DIR_PATH}/Podfile.lock\" \"${PODS_ROOT}/Manifest.lock\" > /dev/null\nif [ $? != 0 ] ; then\n    # print error to STDERR\n    echo \"error: The sandbox is not in sync with the Podfile.lock. Run 'pod install' or update your CocoaPods installation.\" >&2\n    exit 1\nfi\n# This output is used by Xcode 'outputs' to avoid re-running this script phase.\necho \"SUCCESS\" > \"${SCRIPT_OUTPUT_FILE_0}\"\n";
			showEnvVarsInLog = 0;
		};
/* End PBXShellScriptBuildPhase section */

/* Begin PBXSourcesBuildPhase section */
		D0FDF71322EDF1A5004CE813 /* Sources */ = {
			isa = PBXSourcesBuildPhase;
			buildActionMask = 2147483647;
			files = (
				D0FDF72222EDF1A5004CE813 /* SecondViewController.m in Sources */,
				D0FDF71C22EDF1A5004CE813 /* AppDelegate.m in Sources */,
				D00D3F1322F5B5BA00BDB1FD /* SBDetailBookModel.m in Sources */,
				D0B2D5EE22F880520036DCBD /* SBNewBookViewModel.m in Sources */,
				D00D3F1A22F5B72D00BDB1FD /* SBAPIManager.m in Sources */,
				D0B2D5F222F886FA0036DCBD /* SBResult.m in Sources */,
				D00D3F0D22F5B35600BDB1FD /* SBBaseBookModel.m in Sources */,
				D00D3F1022F5B4AD00BDB1FD /* SBBookModel.m in Sources */,
				D0226EB022F85BAE00882552 /* SBBaseBookTableViewCell.m in Sources */,
				D0FDF72D22EDF1A6004CE813 /* main.m in Sources */,
				D00D3F1D22F5BB9A00BDB1FD /* SBRequestQuery.m in Sources */,
				D0FDF71F22EDF1A5004CE813 /* NewBookViewController.m in Sources */,
			);
			runOnlyForDeploymentPostprocessing = 0;
		};
/* End PBXSourcesBuildPhase section */

/* Begin PBXVariantGroup section */
		D0FDF72322EDF1A5004CE813 /* Main.storyboard */ = {
			isa = PBXVariantGroup;
			children = (
				D0FDF72422EDF1A5004CE813 /* Base */,
			);
			name = Main.storyboard;
			sourceTree = "<group>";
		};
		D0FDF72822EDF1A6004CE813 /* LaunchScreen.storyboard */ = {
			isa = PBXVariantGroup;
			children = (
				D0FDF72922EDF1A6004CE813 /* Base */,
			);
			name = LaunchScreen.storyboard;
			sourceTree = "<group>";
		};
/* End PBXVariantGroup section */

/* Begin XCBuildConfiguration section */
		D0FDF72E22EDF1A6004CE813 /* Debug */ = {
			isa = XCBuildConfiguration;
			buildSettings = {
				ALWAYS_SEARCH_USER_PATHS = NO;
				CLANG_ANALYZER_NONNULL = YES;
				CLANG_ANALYZER_NUMBER_OBJECT_CONVERSION = YES_AGGRESSIVE;
				CLANG_CXX_LANGUAGE_STANDARD = "gnu++14";
				CLANG_CXX_LIBRARY = "libc++";
				CLANG_ENABLE_MODULES = YES;
				CLANG_ENABLE_OBJC_ARC = YES;
				CLANG_ENABLE_OBJC_WEAK = YES;
				CLANG_WARN_BLOCK_CAPTURE_AUTORELEASING = YES;
				CLANG_WARN_BOOL_CONVERSION = YES;
				CLANG_WARN_COMMA = YES;
				CLANG_WARN_CONSTANT_CONVERSION = YES;
				CLANG_WARN_DEPRECATED_OBJC_IMPLEMENTATIONS = YES;
				CLANG_WARN_DIRECT_OBJC_ISA_USAGE = YES_ERROR;
				CLANG_WARN_DOCUMENTATION_COMMENTS = YES;
				CLANG_WARN_EMPTY_BODY = YES;
				CLANG_WARN_ENUM_CONVERSION = YES;
				CLANG_WARN_INFINITE_RECURSION = YES;
				CLANG_WARN_INT_CONVERSION = YES;
				CLANG_WARN_NON_LITERAL_NULL_CONVERSION = YES;
				CLANG_WARN_OBJC_IMPLICIT_RETAIN_SELF = YES;
				CLANG_WARN_OBJC_LITERAL_CONVERSION = YES;
				CLANG_WARN_OBJC_ROOT_CLASS = YES_ERROR;
				CLANG_WARN_RANGE_LOOP_ANALYSIS = YES;
				CLANG_WARN_STRICT_PROTOTYPES = YES;
				CLANG_WARN_SUSPICIOUS_MOVE = YES;
				CLANG_WARN_UNGUARDED_AVAILABILITY = YES_AGGRESSIVE;
				CLANG_WARN_UNREACHABLE_CODE = YES;
				CLANG_WARN__DUPLICATE_METHOD_MATCH = YES;
				CODE_SIGN_IDENTITY = "iPhone Developer";
				COPY_PHASE_STRIP = NO;
				DEBUG_INFORMATION_FORMAT = dwarf;
				ENABLE_STRICT_OBJC_MSGSEND = YES;
				ENABLE_TESTABILITY = YES;
				GCC_C_LANGUAGE_STANDARD = gnu11;
				GCC_DYNAMIC_NO_PIC = NO;
				GCC_NO_COMMON_BLOCKS = YES;
				GCC_OPTIMIZATION_LEVEL = 0;
				GCC_PREPROCESSOR_DEFINITIONS = (
					"DEBUG=1",
					"$(inherited)",
				);
				GCC_WARN_64_TO_32_BIT_CONVERSION = YES;
				GCC_WARN_ABOUT_RETURN_TYPE = YES_ERROR;
				GCC_WARN_UNDECLARED_SELECTOR = YES;
				GCC_WARN_UNINITIALIZED_AUTOS = YES_AGGRESSIVE;
				GCC_WARN_UNUSED_FUNCTION = YES;
				GCC_WARN_UNUSED_VARIABLE = YES;
				IPHONEOS_DEPLOYMENT_TARGET = 12.2;
				MTL_ENABLE_DEBUG_INFO = INCLUDE_SOURCE;
				MTL_FAST_MATH = YES;
				ONLY_ACTIVE_ARCH = YES;
				SDKROOT = iphoneos;
			};
			name = Debug;
		};
		D0FDF72F22EDF1A6004CE813 /* Release */ = {
			isa = XCBuildConfiguration;
			buildSettings = {
				ALWAYS_SEARCH_USER_PATHS = NO;
				CLANG_ANALYZER_NONNULL = YES;
				CLANG_ANALYZER_NUMBER_OBJECT_CONVERSION = YES_AGGRESSIVE;
				CLANG_CXX_LANGUAGE_STANDARD = "gnu++14";
				CLANG_CXX_LIBRARY = "libc++";
				CLANG_ENABLE_MODULES = YES;
				CLANG_ENABLE_OBJC_ARC = YES;
				CLANG_ENABLE_OBJC_WEAK = YES;
				CLANG_WARN_BLOCK_CAPTURE_AUTORELEASING = YES;
				CLANG_WARN_BOOL_CONVERSION = YES;
				CLANG_WARN_COMMA = YES;
				CLANG_WARN_CONSTANT_CONVERSION = YES;
				CLANG_WARN_DEPRECATED_OBJC_IMPLEMENTATIONS = YES;
				CLANG_WARN_DIRECT_OBJC_ISA_USAGE = YES_ERROR;
				CLANG_WARN_DOCUMENTATION_COMMENTS = YES;
				CLANG_WARN_EMPTY_BODY = YES;
				CLANG_WARN_ENUM_CONVERSION = YES;
				CLANG_WARN_INFINITE_RECURSION = YES;
				CLANG_WARN_INT_CONVERSION = YES;
				CLANG_WARN_NON_LITERAL_NULL_CONVERSION = YES;
				CLANG_WARN_OBJC_IMPLICIT_RETAIN_SELF = YES;
				CLANG_WARN_OBJC_LITERAL_CONVERSION = YES;
				CLANG_WARN_OBJC_ROOT_CLASS = YES_ERROR;
				CLANG_WARN_RANGE_LOOP_ANALYSIS = YES;
				CLANG_WARN_STRICT_PROTOTYPES = YES;
				CLANG_WARN_SUSPICIOUS_MOVE = YES;
				CLANG_WARN_UNGUARDED_AVAILABILITY = YES_AGGRESSIVE;
				CLANG_WARN_UNREACHABLE_CODE = YES;
				CLANG_WARN__DUPLICATE_METHOD_MATCH = YES;
				CODE_SIGN_IDENTITY = "iPhone Developer";
				COPY_PHASE_STRIP = NO;
				DEBUG_INFORMATION_FORMAT = "dwarf-with-dsym";
				ENABLE_NS_ASSERTIONS = NO;
				ENABLE_STRICT_OBJC_MSGSEND = YES;
				GCC_C_LANGUAGE_STANDARD = gnu11;
				GCC_NO_COMMON_BLOCKS = YES;
				GCC_WARN_64_TO_32_BIT_CONVERSION = YES;
				GCC_WARN_ABOUT_RETURN_TYPE = YES_ERROR;
				GCC_WARN_UNDECLARED_SELECTOR = YES;
				GCC_WARN_UNINITIALIZED_AUTOS = YES_AGGRESSIVE;
				GCC_WARN_UNUSED_FUNCTION = YES;
				GCC_WARN_UNUSED_VARIABLE = YES;
				IPHONEOS_DEPLOYMENT_TARGET = 12.2;
				MTL_ENABLE_DEBUG_INFO = NO;
				MTL_FAST_MATH = YES;
				SDKROOT = iphoneos;
				VALIDATE_PRODUCT = YES;
			};
			name = Release;
		};
		D0FDF73122EDF1A6004CE813 /* Debug */ = {
			isa = XCBuildConfiguration;
			baseConfigurationReference = 7268578B03B67B4F79FFCD42 /* Pods-SendbirdExam.debug.xcconfig */;
			buildSettings = {
				ASSETCATALOG_COMPILER_APPICON_NAME = AppIcon;
				CODE_SIGN_STYLE = Automatic;
				DEVELOPMENT_TEAM = 5DQVG9VR67;
				INFOPLIST_FILE = SendbirdExam/Info.plist;
				LD_RUNPATH_SEARCH_PATHS = (
					"$(inherited)",
					"@executable_path/Frameworks",
				);
				PRODUCT_BUNDLE_IDENTIFIER = com.aske.sendbirdTest.SendbirdExam;
				PRODUCT_NAME = "$(TARGET_NAME)";
				TARGETED_DEVICE_FAMILY = "1,2";
			};
			name = Debug;
		};
		D0FDF73222EDF1A6004CE813 /* Release */ = {
			isa = XCBuildConfiguration;
			baseConfigurationReference = B138020BBF3CF6F9FD8BDE95 /* Pods-SendbirdExam.release.xcconfig */;
			buildSettings = {
				ASSETCATALOG_COMPILER_APPICON_NAME = AppIcon;
				CODE_SIGN_STYLE = Automatic;
				DEVELOPMENT_TEAM = 5DQVG9VR67;
				INFOPLIST_FILE = SendbirdExam/Info.plist;
				LD_RUNPATH_SEARCH_PATHS = (
					"$(inherited)",
					"@executable_path/Frameworks",
				);
				PRODUCT_BUNDLE_IDENTIFIER = com.aske.sendbirdTest.SendbirdExam;
				PRODUCT_NAME = "$(TARGET_NAME)";
				TARGETED_DEVICE_FAMILY = "1,2";
			};
			name = Release;
		};
/* End XCBuildConfiguration section */

/* Begin XCConfigurationList section */
		D0FDF71222EDF1A5004CE813 /* Build configuration list for PBXProject "SendbirdExam" */ = {
			isa = XCConfigurationList;
			buildConfigurations = (
				D0FDF72E22EDF1A6004CE813 /* Debug */,
				D0FDF72F22EDF1A6004CE813 /* Release */,
			);
			defaultConfigurationIsVisible = 0;
			defaultConfigurationName = Release;
		};
		D0FDF73022EDF1A6004CE813 /* Build configuration list for PBXNativeTarget "SendbirdExam" */ = {
			isa = XCConfigurationList;
			buildConfigurations = (
				D0FDF73122EDF1A6004CE813 /* Debug */,
				D0FDF73222EDF1A6004CE813 /* Release */,
			);
			defaultConfigurationIsVisible = 0;
			defaultConfigurationName = Release;
		};
/* End XCConfigurationList section */
	};
	rootObject = D0FDF70F22EDF1A5004CE813 /* Project object */;
}
